
Microsoft Visual Studio Solution File, Format Version 12.00
# Visual Studio Version 16
VisualStudioVersion = 16.0.32002.261
MinimumVisualStudioVersion = 10.0.40219.1
Project("{2150E333-8FDC-42A3-9474-1A3956D46DE8}") = "AG.Data", "AG.Data", "{1B1EDB99-B32C-416C-8FBC-9A325A7F62A8}"
EndProject
Project("{2150E333-8FDC-42A3-9474-1A3956D46DE8}") = "AG.Cli", "AG.Cli", "{F9C95FAB-73EB-4D17-A09F-097ABF441AF9}"
EndProject
Project("{9A19103F-16F7-4668-BE54-9A1E7A4F7556}") = "AG.Cli", "AG.Cli\AG.Cli.csproj", "{1826A800-311E-412A-937D-244953EA98A9}"
EndProject
Project("{2150E333-8FDC-42A3-9474-1A3956D46DE8}") = "AG.Tests", "AG.Tests", "{117619FE-2FCD-495D-9382-17F54D35CC49}"
EndProject
Project("{9A19103F-16F7-4668-BE54-9A1E7A4F7556}") = "AG.Tests", "AG.Tests\AG.Tests.csproj", "{D074940B-261C-4185-9827-95E3CD4DE5EB}"
EndProject
Project("{9A19103F-16F7-4668-BE54-9A1E7A4F7556}") = "AG.Data", "AG.Data\AG.Data.csproj", "{4008DE30-6DC2-4878-BC52-69A2180F76DE}"
EndProject
Project("{2150E333-8FDC-42A3-9474-1A3956D46DE8}") = "AG.Infrastructure", "AG.Infrastructure", "{2F9D9EB8-D57B-4D66-AEE2-BFBBCB2E0550}"
EndProject
Project("{9A19103F-16F7-4668-BE54-9A1E7A4F7556}") = "AG.Infrastructure", "AG.Infrastructure\AG.Infrastructure.csproj", "{86A06F82-10EF-4D78-A174-0C62D08CA227}"
EndProject
Project("{2150E333-8FDC-42A3-9474-1A3956D46DE8}") = "AG.IoC", "AG.IoC", "{58C9CD4D-FDAE-4ED1-8AFA-E9CADB90B907}"
EndProject
Project("{9A19103F-16F7-4668-BE54-9A1E7A4F7556}") = "AG.IoC", "AG.IoC\AG.IoC.csproj", "{083223E7-FC79-4395-9FD6-A93CD72C5BB0}"
EndProject
Project("{2150E333-8FDC-42A3-9474-1A3956D46DE8}") = "AG.Common", "AG.Common", "{3928217B-9B40-4C01-8A30-7D37E6CBC60B}"
EndProject
Project("{9A19103F-16F7-4668-BE54-9A1E7A4F7556}") = "AG.Common", "AG.Common\AG.Common.csproj", "{8B7C14A3-E090-4492-96C1-57783BD42014}"
EndProject
Global
	GlobalSection(SolutionConfigurationPlatforms) = preSolution
		Debug|Any CPU = Debug|Any CPU
		Release|Any CPU = Release|Any CPU
	EndGlobalSection
	GlobalSection(ProjectConfigurationPlatforms) = postSolution
		{1826A800-311E-412A-937D-244953EA98A9}.Debug|Any CPU.ActiveCfg = Debug|Any CPU
		{1826A800-311E-412A-937D-244953EA98A9}.Debug|Any CPU.Build.0 = Debug|Any CPU
		{1826A800-311E-412A-937D-244953EA98A9}.Release|Any CPU.ActiveCfg = Release|Any CPU
		{1826A800-311E-412A-937D-244953EA98A9}.Release|Any CPU.Build.0 = Release|Any CPU
		{D074940B-261C-4185-9827-95E3CD4DE5EB}.Debug|Any CPU.ActiveCfg = Debug|Any CPU
		{D074940B-261C-4185-9827-95E3CD4DE5EB}.Debug|Any CPU.Build.0 = Debug|Any CPU
		{D074940B-261C-4185-9827-95E3CD4DE5EB}.Release|Any CPU.ActiveCfg = Release|Any CPU
		{D074940B-261C-4185-9827-95E3CD4DE5EB}.Release|Any CPU.Build.0 = Release|Any CPU
		{4008DE30-6DC2-4878-BC52-69A2180F76DE}.Debug|Any CPU.ActiveCfg = Debug|Any CPU
		{4008DE30-6DC2-4878-BC52-69A2180F76DE}.Debug|Any CPU.Build.0 = Debug|Any CPU
		{4008DE30-6DC2-4878-BC52-69A2180F76DE}.Release|Any CPU.ActiveCfg = Release|Any CPU
		{4008DE30-6DC2-4878-BC52-69A2180F76DE}.Release|Any CPU.Build.0 = Release|Any CPU
		{86A06F82-10EF-4D78-A174-0C62D08CA227}.Debug|Any CPU.ActiveCfg = Debug|Any CPU
		{86A06F82-10EF-4D78-A174-0C62D08CA227}.Debug|Any CPU.Build.0 = Debug|Any CPU
		{86A06F82-10EF-4D78-A174-0C62D08CA227}.Release|Any CPU.ActiveCfg = Release|Any CPU
		{86A06F82-10EF-4D78-A174-0C62D08CA227}.Release|Any CPU.Build.0 = Release|Any CPU
		{083223E7-FC79-4395-9FD6-A93CD72C5BB0}.Debug|Any CPU.ActiveCfg = Debug|Any CPU
		{083223E7-FC79-4395-9FD6-A93CD72C5BB0}.Debug|Any CPU.Build.0 = Debug|Any CPU
		{083223E7-FC79-4395-9FD6-A93CD72C5BB0}.Release|Any CPU.ActiveCfg = Release|Any CPU
		{083223E7-FC79-4395-9FD6-A93CD72C5BB0}.Release|Any CPU.Build.0 = Release|Any CPU
		{8B7C14A3-E090-4492-96C1-57783BD42014}.Debug|Any CPU.ActiveCfg = Debug|Any CPU
		{8B7C14A3-E090-4492-96C1-57783BD42014}.Debug|Any CPU.Build.0 = Debug|Any CPU
		{8B7C14A3-E090-4492-96C1-57783BD42014}.Release|Any CPU.ActiveCfg = Release|Any CPU
		{8B7C14A3-E090-4492-96C1-57783BD42014}.Release|Any CPU.Build.0 = Release|Any CPU
	EndGlobalSection
	GlobalSection(SolutionProperties) = preSolution
		HideSolutionNode = FALSE
	EndGlobalSection
	GlobalSection(NestedProjects) = preSolution
		{1826A800-311E-412A-937D-244953EA98A9} = {F9C95FAB-73EB-4D17-A09F-097ABF441AF9}
		{D074940B-261C-4185-9827-95E3CD4DE5EB} = {117619FE-2FCD-495D-9382-17F54D35CC49}
		{4008DE30-6DC2-4878-BC52-69A2180F76DE} = {1B1EDB99-B32C-416C-8FBC-9A325A7F62A8}
		{86A06F82-10EF-4D78-A174-0C62D08CA227} = {2F9D9EB8-D57B-4D66-AEE2-BFBBCB2E0550}
		{083223E7-FC79-4395-9FD6-A93CD72C5BB0} = {58C9CD4D-FDAE-4ED1-8AFA-E9CADB90B907}
		{8B7C14A3-E090-4492-96C1-57783BD42014} = {3928217B-9B40-4C01-8A30-7D37E6CBC60B}
	EndGlobalSection
	GlobalSection(ExtensibilityGlobals) = postSolution
		SolutionGuid = {ACBCAB6F-EE85-4E86-BA25-07C536DCEF6D}
	EndGlobalSection
EndGlobal
